
Microsoft Visual Studio Solution File, Format Version 12.00
# Visual Studio Version 17
VisualStudioVersion = 17.0.31903.59
MinimumVisualStudioVersion = 10.0.40219.1
Project("{2150E333-8FDC-42A3-9474-1A3956D46DE8}") = "src", "src", "{827E0CD3-B72D-47B6-A68D-7590B98EB39B}"
EndProject
Project("{FAE04EC0-301F-11D3-BF4B-00C04F79EFBC}") = "SwimReader.Core", "src\SwimReader.Core\SwimReader.Core.csproj", "{CE3328AF-7A91-4167-BB44-54F599762666}"
EndProject
Project("{FAE04EC0-301F-11D3-BF4B-00C04F79EFBC}") = "SwimReader.Scds", "src\SwimReader.Scds\SwimReader.Scds.csproj", "{5E4C5FF2-4EA8-49FB-99AA-CB95B9EA3228}"
EndProject
Project("{FAE04EC0-301F-11D3-BF4B-00C04F79EFBC}") = "SwimReader.Parsers", "src\SwimReader.Parsers\SwimReader.Parsers.csproj", "{6844E002-6032-45F2-B83F-DA26379A9F5A}"
EndProject
Project("{FAE04EC0-301F-11D3-BF4B-00C04F79EFBC}") = "SwimReader.Server", "src\SwimReader.Server\SwimReader.Server.csproj", "{D3C7E1DA-6CDE-4F3B-8F9C-51DB0B3B4369}"
EndProject
Project("{2150E333-8FDC-42A3-9474-1A3956D46DE8}") = "tools", "tools", "{07C2787E-EAC7-C090-1BA3-A61EC2A24D84}"
EndProject
Project("{FAE04EC0-301F-11D3-BF4B-00C04F79EFBC}") = "SwimReader.MessageCapture", "tools\SwimReader.MessageCapture\SwimReader.MessageCapture.csproj", "{A97B9E25-146A-4A95-9AC4-B34FFB11897C}"
EndProject
Project("{2150E333-8FDC-42A3-9474-1A3956D46DE8}") = "tests", "tests", "{0AB3BF05-4346-4AA6-1389-037BE0695223}"
EndProject
Project("{FAE04EC0-301F-11D3-BF4B-00C04F79EFBC}") = "SwimReader.Core.Tests", "tests\SwimReader.Core.Tests\SwimReader.Core.Tests.csproj", "{B4DA2F3B-CDF6-46AD-A52A-65E4EEAA343D}"
EndProject
Project("{FAE04EC0-301F-11D3-BF4B-00C04F79EFBC}") = "SwimReader.SfdpsExplorer", "tools\SwimReader.SfdpsExplorer\SwimReader.SfdpsExplorer.csproj", "{1CD5790E-22A4-48B0-AD05-9C63C414F1C9}"
EndProject
Project("{FAE04EC0-301F-11D3-BF4B-00C04F79EFBC}") = "SfdpsERAM", "tools\SfdpsERAM\SfdpsERAM.csproj", "{93B7B0F0-B7BB-4DF4-A80C-97BB6E455B47}"
EndProject
Global
	GlobalSection(SolutionConfigurationPlatforms) = preSolution
		Debug|Any CPU = Debug|Any CPU
		Debug|x64 = Debug|x64
		Debug|x86 = Debug|x86
		Release|Any CPU = Release|Any CPU
		Release|x64 = Release|x64
		Release|x86 = Release|x86
	EndGlobalSection
	GlobalSection(ProjectConfigurationPlatforms) = postSolution
		{CE3328AF-7A91-4167-BB44-54F599762666}.Debug|Any CPU.ActiveCfg = Debug|Any CPU
		{CE3328AF-7A91-4167-BB44-54F599762666}.Debug|Any CPU.Build.0 = Debug|Any CPU
		{CE3328AF-7A91-4167-BB44-54F599762666}.Debug|x64.ActiveCfg = Debug|Any CPU
		{CE3328AF-7A91-4167-BB44-54F599762666}.Debug|x64.Build.0 = Debug|Any CPU
		{CE3328AF-7A91-4167-BB44-54F599762666}.Debug|x86.ActiveCfg = Debug|Any CPU
		{CE3328AF-7A91-4167-BB44-54F599762666}.Debug|x86.Build.0 = Debug|Any CPU
		{CE3328AF-7A91-4167-BB44-54F599762666}.Release|Any CPU.ActiveCfg = Release|Any CPU
		{CE3328AF-7A91-4167-BB44-54F599762666}.Release|Any CPU.Build.0 = Release|Any CPU
		{CE3328AF-7A91-4167-BB44-54F599762666}.Release|x64.ActiveCfg = Release|Any CPU
		{CE3328AF-7A91-4167-BB44-54F599762666}.Release|x64.Build.0 = Release|Any CPU
		{CE3328AF-7A91-4167-BB44-54F599762666}.Release|x86.ActiveCfg = Release|Any CPU
		{CE3328AF-7A91-4167-BB44-54F599762666}.Release|x86.Build.0 = Release|Any CPU
		{5E4C5FF2-4EA8-49FB-99AA-CB95B9EA3228}.Debug|Any CPU.ActiveCfg = Debug|Any CPU
		{5E4C5FF2-4EA8-49FB-99AA-CB95B9EA3228}.Debug|Any CPU.Build.0 = Debug|Any CPU
		{5E4C5FF2-4EA8-49FB-99AA-CB95B9EA3228}.Debug|x64.ActiveCfg = Debug|Any CPU
		{5E4C5FF2-4EA8-49FB-99AA-CB95B9EA3228}.Debug|x64.Build.0 = Debug|Any CPU
		{5E4C5FF2-4EA8-49FB-99AA-CB95B9EA3228}.Debug|x86.ActiveCfg = Debug|Any CPU
		{5E4C5FF2-4EA8-49FB-99AA-CB95B9EA3228}.Debug|x86.Build.0 = Debug|Any CPU
		{5E4C5FF2-4EA8-49FB-99AA-CB95B9EA3228}.Release|Any CPU.ActiveCfg = Release|Any CPU
		{5E4C5FF2-4EA8-49FB-99AA-CB95B9EA3228}.Release|Any CPU.Build.0 = Release|Any CPU
		{5E4C5FF2-4EA8-49FB-99AA-CB95B9EA3228}.Release|x64.ActiveCfg = Release|Any CPU
		{5E4C5FF2-4EA8-49FB-99AA-CB95B9EA3228}.Release|x64.Build.0 = Release|Any CPU
		{5E4C5FF2-4EA8-49FB-99AA-CB95B9EA3228}.Release|x86.ActiveCfg = Release|Any CPU
		{5E4C5FF2-4EA8-49FB-99AA-CB95B9EA3228}.Release|x86.Build.0 = Release|Any CPU
		{6844E002-6032-45F2-B83F-DA26379A9F5A}.Debug|Any CPU.ActiveCfg = Debug|Any CPU
		{6844E002-6032-45F2-B83F-DA26379A9F5A}.Debug|Any CPU.Build.0 = Debug|Any CPU
		{6844E002-6032-45F2-B83F-DA26379A9F5A}.Debug|x64.ActiveCfg = Debug|Any CPU
		{6844E002-6032-45F2-B83F-DA26379A9F5A}.Debug|x64.Build.0 = Debug|Any CPU
		{6844E002-6032-45F2-B83F-DA26379A9F5A}.Debug|x86.ActiveCfg = Debug|Any CPU
		{6844E002-6032-45F2-B83F-DA26379A9F5A}.Debug|x86.Build.0 = Debug|Any CPU
		{6844E002-6032-45F2-B83F-DA26379A9F5A}.Release|Any CPU.ActiveCfg = Release|Any CPU
		{6844E002-6032-45F2-B83F-DA26379A9F5A}.Release|Any CPU.Build.0 = Release|Any CPU
		{6844E002-6032-45F2-B83F-DA26379A9F5A}.Release|x64.ActiveCfg = Release|Any CPU
		{6844E002-6032-45F2-B83F-DA26379A9F5A}.Release|x64.Build.0 = Release|Any CPU
		{6844E002-6032-45F2-B83F-DA26379A9F5A}.Release|x86.ActiveCfg = Release|Any CPU
		{6844E002-6032-45F2-B83F-DA26379A9F5A}.Release|x86.Build.0 = Release|Any CPU
		{D3C7E1DA-6CDE-4F3B-8F9C-51DB0B3B4369}.Debug|Any CPU.ActiveCfg = Debug|Any CPU
		{D3C7E1DA-6CDE-4F3B-8F9C-51DB0B3B4369}.Debug|Any CPU.Build.0 = Debug|Any CPU
		{D3C7E1DA-6CDE-4F3B-8F9C-51DB0B3B4369}.Debug|x64.ActiveCfg = Debug|Any CPU
		{D3C7E1DA-6CDE-4F3B-8F9C-51DB0B3B4369}.Debug|x64.Build.0 = Debug|Any CPU
		{D3C7E1DA-6CDE-4F3B-8F9C-51DB0B3B4369}.Debug|x86.ActiveCfg = Debug|Any CPU
		{D3C7E1DA-6CDE-4F3B-8F9C-51DB0B3B4369}.Debug|x86.Build.0 = Debug|Any CPU
		{D3C7E1DA-6CDE-4F3B-8F9C-51DB0B3B4369}.Release|Any CPU.ActiveCfg = Release|Any CPU
		{D3C7E1DA-6CDE-4F3B-8F9C-51DB0B3B4369}.Release|Any CPU.Build.0 = Release|Any CPU
		{D3C7E1DA-6CDE-4F3B-8F9C-51DB0B3B4369}.Release|x64.ActiveCfg = Release|Any CPU
		{D3C7E1DA-6CDE-4F3B-8F9C-51DB0B3B4369}.Release|x64.Build.0 = Release|Any CPU
		{D3C7E1DA-6CDE-4F3B-8F9C-51DB0B3B4369}.Release|x86.ActiveCfg = Release|Any CPU
		{D3C7E1DA-6CDE-4F3B-8F9C-51DB0B3B4369}.Release|x86.Build.0 = Release|Any CPU
		{A97B9E25-146A-4A95-9AC4-B34FFB11897C}.Debug|Any CPU.ActiveCfg = Debug|Any CPU
		{A97B9E25-146A-4A95-9AC4-B34FFB11897C}.Debug|Any CPU.Build.0 = Debug|Any CPU
		{A97B9E25-146A-4A95-9AC4-B34FFB11897C}.Debug|x64.ActiveCfg = Debug|Any CPU
		{A97B9E25-146A-4A95-9AC4-B34FFB11897C}.Debug|x64.Build.0 = Debug|Any CPU
		{A97B9E25-146A-4A95-9AC4-B34FFB11897C}.Debug|x86.ActiveCfg = Debug|Any CPU
		{A97B9E25-146A-4A95-9AC4-B34FFB11897C}.Debug|x86.Build.0 = Debug|Any CPU
		{A97B9E25-146A-4A95-9AC4-B34FFB11897C}.Release|Any CPU.ActiveCfg = Release|Any CPU
		{A97B9E25-146A-4A95-9AC4-B34FFB11897C}.Release|Any CPU.Build.0 = Release|Any CPU
		{A97B9E25-146A-4A95-9AC4-B34FFB11897C}.Release|x64.ActiveCfg = Release|Any CPU
		{A97B9E25-146A-4A95-9AC4-B34FFB11897C}.Release|x64.Build.0 = Release|Any CPU
		{A97B9E25-146A-4A95-9AC4-B34FFB11897C}.Release|x86.ActiveCfg = Release|Any CPU
		{A97B9E25-146A-4A95-9AC4-B34FFB11897C}.Release|x86.Build.0 = Release|Any CPU
		{B4DA2F3B-CDF6-46AD-A52A-65E4EEAA343D}.Debug|Any CPU.ActiveCfg = Debug|Any CPU
		{B4DA2F3B-CDF6-46AD-A52A-65E4EEAA343D}.Debug|Any CPU.Build.0 = Debug|Any CPU
		{B4DA2F3B-CDF6-46AD-A52A-65E4EEAA343D}.Debug|x64.ActiveCfg = Debug|Any CPU
		{B4DA2F3B-CDF6-46AD-A52A-65E4EEAA343D}.Debug|x64.Build.0 = Debug|Any CPU
		{B4DA2F3B-CDF6-46AD-A52A-65E4EEAA343D}.Debug|x86.ActiveCfg = Debug|Any CPU
		{B4DA2F3B-CDF6-46AD-A52A-65E4EEAA343D}.Debug|x86.Build.0 = Debug|Any CPU
		{B4DA2F3B-CDF6-46AD-A52A-65E4EEAA343D}.Release|Any CPU.ActiveCfg = Release|Any CPU
		{B4DA2F3B-CDF6-46AD-A52A-65E4EEAA343D}.Release|Any CPU.Build.0 = Release|Any CPU
		{B4DA2F3B-CDF6-46AD-A52A-65E4EEAA343D}.Release|x64.ActiveCfg = Release|Any CPU
		{B4DA2F3B-CDF6-46AD-A52A-65E4EEAA343D}.Release|x64.Build.0 = Release|Any CPU
		{B4DA2F3B-CDF6-46AD-A52A-65E4EEAA343D}.Release|x86.ActiveCfg = Release|Any CPU
		{B4DA2F3B-CDF6-46AD-A52A-65E4EEAA343D}.Release|x86.Build.0 = Release|Any CPU
		{1CD5790E-22A4-48B0-AD05-9C63C414F1C9}.Debug|Any CPU.ActiveCfg = Debug|Any CPU
		{1CD5790E-22A4-48B0-AD05-9C63C414F1C9}.Debug|Any CPU.Build.0 = Debug|Any CPU
		{1CD5790E-22A4-48B0-AD05-9C63C414F1C9}.Debug|x64.ActiveCfg = Debug|Any CPU
		{1CD5790E-22A4-48B0-AD05-9C63C414F1C9}.Debug|x64.Build.0 = Debug|Any CPU
		{1CD5790E-22A4-48B0-AD05-9C63C414F1C9}.Debug|x86.ActiveCfg = Debug|Any CPU
		{1CD5790E-22A4-48B0-AD05-9C63C414F1C9}.Debug|x86.Build.0 = Debug|Any CPU
		{1CD5790E-22A4-48B0-AD05-9C63C414F1C9}.Release|Any CPU.ActiveCfg = Release|Any CPU
		{1CD5790E-22A4-48B0-AD05-9C63C414F1C9}.Release|Any CPU.Build.0 = Release|Any CPU
		{1CD5790E-22A4-48B0-AD05-9C63C414F1C9}.Release|x64.ActiveCfg = Release|Any CPU
		{1CD5790E-22A4-48B0-AD05-9C63C414F1C9}.Release|x64.Build.0 = Release|Any CPU
		{1CD5790E-22A4-48B0-AD05-9C63C414F1C9}.Release|x86.ActiveCfg = Release|Any CPU
		{1CD5790E-22A4-48B0-AD05-9C63C414F1C9}.Release|x86.Build.0 = Release|Any CPU
		{93B7B0F0-B7BB-4DF4-A80C-97BB6E455B47}.Debug|Any CPU.ActiveCfg = Debug|Any CPU
		{93B7B0F0-B7BB-4DF4-A80C-97BB6E455B47}.Debug|Any CPU.Build.0 = Debug|Any CPU
		{93B7B0F0-B7BB-4DF4-A80C-97BB6E455B47}.Debug|x64.ActiveCfg = Debug|Any CPU
		{93B7B0F0-B7BB-4DF4-A80C-97BB6E455B47}.Debug|x64.Build.0 = Debug|Any CPU
		{93B7B0F0-B7BB-4DF4-A80C-97BB6E455B47}.Debug|x86.ActiveCfg = Debug|Any CPU
		{93B7B0F0-B7BB-4DF4-A80C-97BB6E455B47}.Debug|x86.Build.0 = Debug|Any CPU
		{93B7B0F0-B7BB-4DF4-A80C-97BB6E455B47}.Release|Any CPU.ActiveCfg = Release|Any CPU
		{93B7B0F0-B7BB-4DF4-A80C-97BB6E455B47}.Release|Any CPU.Build.0 = Release|Any CPU
		{93B7B0F0-B7BB-4DF4-A80C-97BB6E455B47}.Release|x64.ActiveCfg = Release|Any CPU
		{93B7B0F0-B7BB-4DF4-A80C-97BB6E455B47}.Release|x64.Build.0 = Release|Any CPU
		{93B7B0F0-B7BB-4DF4-A80C-97BB6E455B47}.Release|x86.ActiveCfg = Release|Any CPU
		{93B7B0F0-B7BB-4DF4-A80C-97BB6E455B47}.Release|x86.Build.0 = Release|Any CPU
	EndGlobalSection
	GlobalSection(SolutionProperties) = preSolution
		HideSolutionNode = FALSE
	EndGlobalSection
	GlobalSection(NestedProjects) = preSolution
		{CE3328AF-7A91-4167-BB44-54F599762666} = {827E0CD3-B72D-47B6-A68D-7590B98EB39B}
		{5E4C5FF2-4EA8-49FB-99AA-CB95B9EA3228} = {827E0CD3-B72D-47B6-A68D-7590B98EB39B}
		{6844E002-6032-45F2-B83F-DA26379A9F5A} = {827E0CD3-B72D-47B6-A68D-7590B98EB39B}
		{D3C7E1DA-6CDE-4F3B-8F9C-51DB0B3B4369} = {827E0CD3-B72D-47B6-A68D-7590B98EB39B}
		{A97B9E25-146A-4A95-9AC4-B34FFB11897C} = {07C2787E-EAC7-C090-1BA3-A61EC2A24D84}
		{B4DA2F3B-CDF6-46AD-A52A-65E4EEAA343D} = {0AB3BF05-4346-4AA6-1389-037BE0695223}
		{1CD5790E-22A4-48B0-AD05-9C63C414F1C9} = {07C2787E-EAC7-C090-1BA3-A61EC2A24D84}
		{93B7B0F0-B7BB-4DF4-A80C-97BB6E455B47} = {07C2787E-EAC7-C090-1BA3-A61EC2A24D84}
	EndGlobalSection
EndGlobal
